Microsoft Visual Studio Solution File, Format Version 11.00
# Visual Studio 2008

Project("{FC553337-6E32-D6B5-FEC3-8F024350281A}") = "VrRedeProject", "Assembly-CSharp-firstpass.csproj", "{634B3C61-579B-06FE-F344-6A73D3BE2E05}"
EndProject
Project("{FC553337-6E32-D6B5-FEC3-8F024350281A}") = "VrRedeProject", "Assembly-CSharp.csproj", "{59A9B6E9-C71C-F7E6-F3B1-52E61CE0E5B0}"
EndProject
Project("{FC553337-6E32-D6B5-FEC3-8F024350281A}") = "VrRedeProject", "Assembly-CSharp-Editor.csproj", "{A4FA2373-6B93-EED9-0019-33F172FCC9D3}"
EndProject
Global
	GlobalSection(SolutionConfigurationPlatforms) = preSolution
		Debug|Any CPU = Debug|Any CPU
		Release|Any CPU = Release|Any CPU
	EndGlobalSection
	GlobalSection(ProjectConfigurationPlatforms) = postSolution
		{634B3C61-579B-06FE-F344-6A73D3BE2E05}.Debug|Any CPU.ActiveCfg = Debug|Any CPU
		{634B3C61-579B-06FE-F344-6A73D3BE2E05}.Debug|Any CPU.Build.0 = Debug|Any CPU
		{634B3C61-579B-06FE-F344-6A73D3BE2E05}.Release|Any CPU.ActiveCfg = Release|Any CPU
		{634B3C61-579B-06FE-F344-6A73D3BE2E05}.Release|Any CPU.Build.0 = Release|Any CPU
		{59A9B6E9-C71C-F7E6-F3B1-52E61CE0E5B0}.Debug|Any CPU.ActiveCfg = Debug|Any CPU
		{59A9B6E9-C71C-F7E6-F3B1-52E61CE0E5B0}.Debug|Any CPU.Build.0 = Debug|Any CPU
		{59A9B6E9-C71C-F7E6-F3B1-52E61CE0E5B0}.Release|Any CPU.ActiveCfg = Release|Any CPU
		{59A9B6E9-C71C-F7E6-F3B1-52E61CE0E5B0}.Release|Any CPU.Build.0 = Release|Any CPU
		{A4FA2373-6B93-EED9-0019-33F172FCC9D3}.Debug|Any CPU.ActiveCfg = Debug|Any CPU
		{A4FA2373-6B93-EED9-0019-33F172FCC9D3}.Debug|Any CPU.Build.0 = Debug|Any CPU
		{A4FA2373-6B93-EED9-0019-33F172FCC9D3}.Release|Any CPU.ActiveCfg = Release|Any CPU
		{A4FA2373-6B93-EED9-0019-33F172FCC9D3}.Release|Any CPU.Build.0 = Release|Any CPU
	EndGlobalSection
	GlobalSection(SolutionProperties) = preSolution
		HideSolutionNode = FALSE
	EndGlobalSection
	GlobalSection(MonoDevelopProperties) = preSolution
		StartupItem = Assembly-CSharp.csproj
	EndGlobalSection
EndGlobal
